
Microsoft Visual Studio Solution File, Format Version 12.00
# Visual Studio Version 16
VisualStudioVersion = 16.0.30621.155
MinimumVisualStudioVersion = 10.0.40219.1
Project("{FAE04EC0-301F-11D3-BF4B-00C04F79EFBC}") = "WebApplicationLoginExample", "WebApplicationLoginExample\WebApplicationLoginExample.csproj", "{505E2C5E-94C0-42AF-B35D-53A73662C243}"
EndProject
Project("{FAE04EC0-301F-11D3-BF4B-00C04F79EFBC}") = "DataAccessLayer", "DataAccessLayer\DataAccessLayer.csproj", "{1543A13C-D295-4A4C-A22F-A9CA207C5542}"
EndProject
Global
	GlobalSection(SolutionConfigurationPlatforms) = preSolution
		Debug|Any CPU = Debug|Any CPU
		Release|Any CPU = Release|Any CPU
	EndGlobalSection
	GlobalSection(ProjectConfigurationPlatforms) = postSolution
		{505E2C5E-94C0-42AF-B35D-53A73662C243}.Debug|Any CPU.ActiveCfg = Debug|Any CPU
		{505E2C5E-94C0-42AF-B35D-53A73662C243}.Debug|Any CPU.Build.0 = Debug|Any CPU
		{505E2C5E-94C0-42AF-B35D-53A73662C243}.Release|Any CPU.ActiveCfg = Release|Any CPU
		{505E2C5E-94C0-42AF-B35D-53A73662C243}.Release|Any CPU.Build.0 = Release|Any CPU
		{1543A13C-D295-4A4C-A22F-A9CA207C5542}.Debug|Any CPU.ActiveCfg = Debug|Any CPU
		{1543A13C-D295-4A4C-A22F-A9CA207C5542}.Debug|Any CPU.Build.0 = Debug|Any CPU
		{1543A13C-D295-4A4C-A22F-A9CA207C5542}.Release|Any CPU.ActiveCfg = Release|Any CPU
		{1543A13C-D295-4A4C-A22F-A9CA207C5542}.Release|Any CPU.Build.0 = Release|Any CPU
	EndGlobalSection
	GlobalSection(SolutionProperties) = preSolution
		HideSolutionNode = FALSE
	EndGlobalSection
	GlobalSection(ExtensibilityGlobals) = postSolution
		SolutionGuid = {0FD65B88-DA17-41A9-9EE8-CAE87BB0F786}
	EndGlobalSection
EndGlobal
